// !$*UTF8*$!
{
	archiveVersion = 1;
	classes = {
	};
	objectVersion = 50;
	objects = {

/* Begin PBXBuildFile section */
		140D1A0925E4B0520056A2A1 /* AppDelegate.m in Sources */ = {isa = PBXBuildFile; fileRef = 140D1A0825E4B0520056A2A1 /* AppDelegate.m */; };
		140D1A0F25E4B0520056A2A1 /* ViewController.m in Sources */ = {isa = PBXBuildFile; fileRef = 140D1A0E25E4B0520056A2A1 /* ViewController.m */; };
		140D1A1225E4B0520056A2A1 /* Main.storyboard in Resources */ = {isa = PBXBuildFile; fileRef = 140D1A1025E4B0520056A2A1 /* Main.storyboard */; };
		140D1A1425E4B0540056A2A1 /* Assets.xcassets in Resources */ = {isa = PBXBuildFile; fileRef = 140D1A1325E4B0540056A2A1 /* Assets.xcassets */; };
		140D1A1725E4B0540056A2A1 /* LaunchScreen.storyboard in Resources */ = {isa = PBXBuildFile; fileRef = 140D1A1525E4B0540056A2A1 /* LaunchScreen.storyboard */; };
		140D1A1A25E4B0540056A2A1 /* main.m in Sources */ = {isa = PBXBuildFile; fileRef = 140D1A1925E4B0540056A2A1 /* main.m */; };
		143CC24B25E7402C000A3D45 /* TestService.m in Sources */ = {isa = PBXBuildFile; fileRef = 143CC24A25E7402C000A3D45 /* TestService.m */; };
		143CC25D25E79B58000A3D45 /* assets in Resources */ = {isa = PBXBuildFile; fileRef = 143CC25C25E79B58000A3D45 /* assets */; };
		143CC26825E79D50000A3D45 /* MADCore.framework in Frameworks */ = {isa = PBXBuildFile; fileRef = 143CC26025E79BB1000A3D45 /* MADCore.framework */; settings = {ATTRIBUTES = (Weak, ); }; };
		143CC26E25E79DB2000A3D45 /* MADCoreSource.bundle in Resources */ = {isa = PBXBuildFile; fileRef = 143CC26D25E79DB2000A3D45 /* MADCoreSource.bundle */; };
		14520E5725F8799D00750C65 /* OYJTextField.m in Sources */ = {isa = PBXBuildFile; fileRef = 14520E5625F8799D00750C65 /* OYJTextField.m */; };
		147930F725F0C157002BA9D2 /* HomeModel.m in Sources */ = {isa = PBXBuildFile; fileRef = 147930F625F0C157002BA9D2 /* HomeModel.m */; };
		1496293E25F1D9C400A47088 /* DataModel.m in Sources */ = {isa = PBXBuildFile; fileRef = 1496293D25F1D9C400A47088 /* DataModel.m */; };
		14F48D3025F8A6ED003ADD43 /* LoginVC.m in Sources */ = {isa = PBXBuildFile; fileRef = 14F48D2F25F8A6ED003ADD43 /* LoginVC.m */; };
		14F48D3425F8AEF6003ADD43 /* LoginV.m in Sources */ = {isa = PBXBuildFile; fileRef = 14F48D3325F8AEF6003ADD43 /* LoginV.m */; };
		954E74FCD8A96160231B1F2B /* libPods-test.a in Frameworks */ = {isa = PBXBuildFile; fileRef = 85EC407AFB8A02365C897B08 /* libPods-test.a */; };
/* End PBXBuildFile section */

/* Begin PBXFileReference section */
		140D1A0425E4B0520056A2A1 /* test.app */ = {isa = PBXFileReference; explicitFileType = wrapper.application; includeInIndex = 0; path = test.app; sourceTree = BUILT_PRODUCTS_DIR; };
		140D1A0725E4B0520056A2A1 /* AppDelegate.h */ = {isa = PBXFileReference; lastKnownFileType = sourcecode.c.h; path = AppDelegate.h; sourceTree = "<group>"; };
		140D1A0825E4B0520056A2A1 /* AppDelegate.m */ = {isa = PBXFileReference; lastKnownFileType = sourcecode.c.objc; path = AppDelegate.m; sourceTree = "<group>"; };
		140D1A0D25E4B0520056A2A1 /* ViewController.h */ = {isa = PBXFileReference; lastKnownFileType = sourcecode.c.h; path = ViewController.h; sourceTree = "<group>"; };
		140D1A0E25E4B0520056A2A1 /* ViewController.m */ = {isa = PBXFileReference; lastKnownFileType = sourcecode.c.objc; path = ViewController.m; sourceTree = "<group>"; };
		140D1A1125E4B0520056A2A1 /* Base */ = {isa = PBXFileReference; lastKnownFileType = file.storyboard; name = Base; path = Base.lproj/Main.storyboard; sourceTree = "<group>"; };
		140D1A1325E4B0540056A2A1 /* Assets.xcassets */ = {isa = PBXFileReference; lastKnownFileType = folder.assetcatalog; path = Assets.xcassets; sourceTree = "<group>"; };
		140D1A1625E4B0540056A2A1 /* Base */ = {isa = PBXFileReference; lastKnownFileType = file.storyboard; name = Base; path = Base.lproj/LaunchScreen.storyboard; sourceTree = "<group>"; };
		140D1A1825E4B0540056A2A1 /* Info.plist */ = {isa = PBXFileReference; lastKnownFileType = text.plist.xml; path = Info.plist; sourceTree = "<group>"; };
		140D1A1925E4B0540056A2A1 /* main.m */ = {isa = PBXFileReference; lastKnownFileType = sourcecode.c.objc; path = main.m; sourceTree = "<group>"; };
		14199E0025F6260E007AB3F7 /* Header.h */ = {isa = PBXFileReference; lastKnownFileType = sourcecode.c.h; path = Header.h; sourceTree = "<group>"; };
		14199E0125F62617007AB3F7 /* PrefixHeader.pch */ = {isa = PBXFileReference; lastKnownFileType = sourcecode.c.h; path = PrefixHeader.pch; sourceTree = "<group>"; };
		143CC24925E7402C000A3D45 /* TestService.h */ = {isa = PBXFileReference; lastKnownFileType = sourcecode.c.h; path = TestService.h; sourceTree = "<group>"; };
		143CC24A25E7402C000A3D45 /* TestService.m */ = {isa = PBXFileReference; lastKnownFileType = sourcecode.c.objc; path = TestService.m; sourceTree = "<group>"; };
		143CC25C25E79B58000A3D45 /* assets */ = {isa = PBXFileReference; fileEncoding = 4; lastKnownFileType = folder; path = assets; sourceTree = SOURCE_ROOT; };
		143CC26025E79BB1000A3D45 /* MADCore.framework */ = {isa = PBXFileReference; lastKnownFileType = wrapper.framework; name = MADCore.framework; path = MADCore/debug/MADCore.framework; sourceTree = SOURCE_ROOT; };
		143CC26D25E79DB2000A3D45 /* MADCoreSource.bundle */ = {isa = PBXFileReference; lastKnownFileType = "wrapper.plug-in"; path = MADCoreSource.bundle; sourceTree = "<group>"; };
		14520E5525F8799D00750C65 /* OYJTextField.h */ = {isa = PBXFileReference; lastKnownFileType = sourcecode.c.h; path = OYJTextField.h; sourceTree = "<group>"; };
		14520E5625F8799D00750C65 /* OYJTextField.m */ = {isa = PBXFileReference; lastKnownFileType = sourcecode.c.objc; path = OYJTextField.m; sourceTree = "<group>"; };
		147930F525F0C157002BA9D2 /* HomeModel.h */ = {isa = PBXFileReference; lastKnownFileType = sourcecode.c.h; path = HomeModel.h; sourceTree = "<group>"; };
		147930F625F0C157002BA9D2 /* HomeModel.m */ = {isa = PBXFileReference; lastKnownFileType = sourcecode.c.objc; path = HomeModel.m; sourceTree = "<group>"; };
		1496293C25F1D9C400A47088 /* DataModel.h */ = {isa = PBXFileReference; lastKnownFileType = sourcecode.c.h; path = DataModel.h; sourceTree = "<group>"; };
		1496293D25F1D9C400A47088 /* DataModel.m */ = {isa = PBXFileReference; lastKnownFileType = sourcecode.c.objc; path = DataModel.m; sourceTree = "<group>"; };
		14F48D2E25F8A6ED003ADD43 /* LoginVC.h */ = {isa = PBXFileReference; lastKnownFileType = sourcecode.c.h; path = LoginVC.h; sourceTree = "<group>"; };
		14F48D2F25F8A6ED003ADD43 /* LoginVC.m */ = {isa = PBXFileReference; lastKnownFileType = sourcecode.c.objc; path = LoginVC.m; sourceTree = "<group>"; };
		14F48D3225F8AEF6003ADD43 /* LoginV.h */ = {isa = PBXFileReference; lastKnownFileType = sourcecode.c.h; path = LoginV.h; sourceTree = "<group>"; };
		14F48D3325F8AEF6003ADD43 /* LoginV.m */ = {isa = PBXFileReference; lastKnownFileType = sourcecode.c.objc; path = LoginV.m; sourceTree = "<group>"; };
		85EC407AFB8A02365C897B08 /* libPods-test.a */ = {isa = PBXFileReference; explicitFileType = archive.ar; includeInIndex = 0; path = "libPods-test.a"; sourceTree = BUILT_PRODUCTS_DIR; };
		C434ED371DCDE2B40E360945 /* Pods-test.debug.xcconfig */ = {isa = PBXFileReference; includeInIndex = 1; lastKnownFileType = text.xcconfig; name = "Pods-test.debug.xcconfig"; path = "Pods/Target Support Files/Pods-test/Pods-test.debug.xcconfig"; sourceTree = "<group>"; };
		D0784C214037BD7D5C7E925C /* Pods-test.release.xcconfig */ = {isa = PBXFileReference; includeInIndex = 1; lastKnownFileType = text.xcconfig; name = "Pods-test.release.xcconfig"; path = "Pods/Target Support Files/Pods-test/Pods-test.release.xcconfig"; sourceTree = "<group>"; };
/* End PBXFileReference section */

/* Begin PBXFrameworksBuildPhase section */
		140D1A0125E4B0520056A2A1 /* Frameworks */ = {
			isa = PBXFrameworksBuildPhase;
			buildActionMask = 2147483647;
			files = (
				143CC26825E79D50000A3D45 /* MADCore.framework in Frameworks */,
				954E74FCD8A96160231B1F2B /* libPods-test.a in Frameworks */,
			);
			runOnlyForDeploymentPostprocessing = 0;
		};
/* End PBXFrameworksBuildPhase section */

/* Begin PBXGroup section */
		140D19FB25E4B0520056A2A1 = {
			isa = PBXGroup;
			children = (
				140D1A0625E4B0520056A2A1 /* test */,
				140D1A0525E4B0520056A2A1 /* Products */,
				C23512ACAE3A6A80AC20D93B /* Pods */,
				143CC25C25E79B58000A3D45 /* assets */,
				E633DE5AE012EECCD7C4D9A2 /* Frameworks */,
			);
			sourceTree = "<group>";
		};
		140D1A0525E4B0520056A2A1 /* Products */ = {
			isa = PBXGroup;
			children = (
				140D1A0425E4B0520056A2A1 /* test.app */,
			);
			name = Products;
			sourceTree = "<group>";
		};
		140D1A0625E4B0520056A2A1 /* test */ = {
			isa = PBXGroup;
			children = (
				14199E0325F626C1007AB3F7 /* LoginV */,
				14199DFF25F625F4007AB3F7 /* Marco */,
				147930F425F0C13C002BA9D2 /* Model */,
				143CC25F25E79B71000A3D45 /* MADCoree */,
				143CC24825E73FE8000A3D45 /* Service */,
				140D1A0725E4B0520056A2A1 /* AppDelegate.h */,
				140D1A0825E4B0520056A2A1 /* AppDelegate.m */,
				140D1A0D25E4B0520056A2A1 /* ViewController.h */,
				140D1A0E25E4B0520056A2A1 /* ViewController.m */,
				140D1A1025E4B0520056A2A1 /* Main.storyboard */,
				140D1A1325E4B0540056A2A1 /* Assets.xcassets */,
				140D1A1525E4B0540056A2A1 /* LaunchScreen.storyboard */,
				140D1A1825E4B0540056A2A1 /* Info.plist */,
				140D1A1925E4B0540056A2A1 /* main.m */,
			);
			path = test;
			sourceTree = "<group>";
		};
		14199DFF25F625F4007AB3F7 /* Marco */ = {
			isa = PBXGroup;
			children = (
				14199E0025F6260E007AB3F7 /* Header.h */,
				14199E0125F62617007AB3F7 /* PrefixHeader.pch */,
			);
			path = Marco;
			sourceTree = "<group>";
		};
		14199E0325F626C1007AB3F7 /* LoginV */ = {
			isa = PBXGroup;
			children = (
				14520E5225F8796500750C65 /* M */,
				14520E5125F8795F00750C65 /* V */,
				14F48D1C25F8A4CF003ADD43 /* C */,
			);
			path = LoginV;
			sourceTree = "<group>";
		};
		143CC24825E73FE8000A3D45 /* Service */ = {
			isa = PBXGroup;
			children = (
				143CC24925E7402C000A3D45 /* TestService.h */,
				143CC24A25E7402C000A3D45 /* TestService.m */,
			);
			path = Service;
			sourceTree = "<group>";
		};
		143CC25F25E79B71000A3D45 /* MADCoree */ = {
			isa = PBXGroup;
			children = (
				143CC26C25E79DB2000A3D45 /* Resource */,
				143CC26025E79BB1000A3D45 /* MADCore.framework */,
			);
			path = MADCoree;
			sourceTree = "<group>";
		};
		143CC26C25E79DB2000A3D45 /* Resource */ = {
			isa = PBXGroup;
			children = (
				143CC26D25E79DB2000A3D45 /* MADCoreSource.bundle */,
			);
			name = Resource;
			path = MADCore/Resource;
			sourceTree = SOURCE_ROOT;
		};
		14520E5125F8795F00750C65 /* V */ = {
			isa = PBXGroup;
			children = (
				14520E5525F8799D00750C65 /* OYJTextField.h */,
				14520E5625F8799D00750C65 /* OYJTextField.m */,
				14F48D3225F8AEF6003ADD43 /* LoginV.h */,
				14F48D3325F8AEF6003ADD43 /* LoginV.m */,
			);
			path = V;
			sourceTree = "<group>";
		};
		14520E5225F8796500750C65 /* M */ = {
			isa = PBXGroup;
			children = (
			);
			path = M;
			sourceTree = "<group>";
		};
		147930F425F0C13C002BA9D2 /* Model */ = {
			isa = PBXGroup;
			children = (
				147930F525F0C157002BA9D2 /* HomeModel.h */,
				147930F625F0C157002BA9D2 /* HomeModel.m */,
				1496293C25F1D9C400A47088 /* DataModel.h */,
				1496293D25F1D9C400A47088 /* DataModel.m */,
			);
			path = Model;
			sourceTree = "<group>";
		};
		14F48D1C25F8A4CF003ADD43 /* C */ = {
			isa = PBXGroup;
			children = (
				14F48D2E25F8A6ED003ADD43 /* LoginVC.h */,
				14F48D2F25F8A6ED003ADD43 /* LoginVC.m */,
			);
			path = C;
			sourceTree = "<group>";
		};
		C23512ACAE3A6A80AC20D93B /* Pods */ = {
			isa = PBXGroup;
			children = (
				C434ED371DCDE2B40E360945 /* Pods-test.debug.xcconfig */,
				D0784C214037BD7D5C7E925C /* Pods-test.release.xcconfig */,
			);
			name = Pods;
			sourceTree = "<group>";
		};
		E633DE5AE012EECCD7C4D9A2 /* Frameworks */ = {
			isa = PBXGroup;
			children = (
				85EC407AFB8A02365C897B08 /* libPods-test.a */,
			);
			name = Frameworks;
			sourceTree = "<group>";
		};
/* End PBXGroup section */

/* Begin PBXNativeTarget section */
		140D1A0325E4B0520056A2A1 /* test */ = {
			isa = PBXNativeTarget;
			buildConfigurationList = 140D1A1D25E4B0540056A2A1 /* Build configuration list for PBXNativeTarget "test" */;
			buildPhases = (
				E761E8864B75533938E8C5C8 /* [CP] Check Pods Manifest.lock */,
				140D1A0025E4B0520056A2A1 /* Sources */,
				140D1A0125E4B0520056A2A1 /* Frameworks */,
				140D1A0225E4B0520056A2A1 /* Resources */,
			);
			buildRules = (
			);
			dependencies = (
			);
			name = test;
			productName = test;
			productReference = 140D1A0425E4B0520056A2A1 /* test.app */;
			productType = "com.apple.product-type.application";
		};
/* End PBXNativeTarget section */

/* Begin PBXProject section */
		140D19FC25E4B0520056A2A1 /* Project object */ = {
			isa = PBXProject;
			attributes = {
				LastUpgradeCheck = 1240;
				TargetAttributes = {
					140D1A0325E4B0520056A2A1 = {
						CreatedOnToolsVersion = 12.4;
					};
				};
			};
			buildConfigurationList = 140D19FF25E4B0520056A2A1 /* Build configuration list for PBXProject "test" */;
			compatibilityVersion = "Xcode 9.3";
			developmentRegion = en;
			hasScannedForEncodings = 0;
			knownRegions = (
				en,
				Base,
			);
			mainGroup = 140D19FB25E4B0520056A2A1;
			productRefGroup = 140D1A0525E4B0520056A2A1 /* Products */;
			projectDirPath = "";
			projectRoot = "";
			targets = (
				140D1A0325E4B0520056A2A1 /* test */,
			);
		};
/* End PBXProject section */

/* Begin PBXResourcesBuildPhase section */
		140D1A0225E4B0520056A2A1 /* Resources */ = {
			isa = PBXResourcesBuildPhase;
			buildActionMask = 2147483647;
			files = (
				143CC26E25E79DB2000A3D45 /* MADCoreSource.bundle in Resources */,
				140D1A1725E4B0540056A2A1 /* LaunchScreen.storyboard in Resources */,
				143CC25D25E79B58000A3D45 /* assets in Resources */,
				140D1A1425E4B0540056A2A1 /* Assets.xcassets in Resources */,
				140D1A1225E4B0520056A2A1 /* Main.storyboard in Resources */,
			);
			runOnlyForDeploymentPostprocessing = 0;
		};
/* End PBXResourcesBuildPhase section */

/* Begin PBXShellScriptBuildPhase section */
		E761E8864B75533938E8C5C8 /* [CP] Check Pods Manifest.lock */ = {
			isa = PBXShellScriptBuildPhase;
			buildActionMask = 2147483647;
			files = (
			);
			inputFileListPaths = (
			);
			inputPaths = (
				"${PODS_PODFILE_DIR_PATH}/Podfile.lock",
				"${PODS_ROOT}/Manifest.lock",
			);
			name = "[CP] Check Pods Manifest.lock";
			outputFileListPaths = (
			);
			outputPaths = (
				"$(DERIVED_FILE_DIR)/Pods-test-checkManifestLockResult.txt",
			);
			runOnlyForDeploymentPostprocessing = 0;
			shellPath = /bin/sh;
			shellScript = "diff \"${PODS_PODFILE_DIR_PATH}/Podfile.lock\" \"${PODS_ROOT}/Manifest.lock\" > /dev/null\nif [ $? != 0 ] ; then\n    # print error to STDERR\n    echo \"error: The sandbox is not in sync with the Podfile.lock. Run 'pod install' or update your CocoaPods installation.\" >&2\n    exit 1\nfi\n# This output is used by Xcode 'outputs' to avoid re-running this script phase.\necho \"SUCCESS\" > \"${SCRIPT_OUTPUT_FILE_0}\"\n";
			showEnvVarsInLog = 0;
		};
/* End PBXShellScriptBuildPhase section */

/* Begin PBXSourcesBuildPhase section */
		140D1A0025E4B0520056A2A1 /* Sources */ = {
			isa = PBXSourcesBuildPhase;
			buildActionMask = 2147483647;
			files = (
				147930F725F0C157002BA9D2 /* HomeModel.m in Sources */,
				140D1A0F25E4B0520056A2A1 /* ViewController.m in Sources */,
				143CC24B25E7402C000A3D45 /* TestService.m in Sources */,
				140D1A0925E4B0520056A2A1 /* AppDelegate.m in Sources */,
				14520E5725F8799D00750C65 /* OYJTextField.m in Sources */,
				140D1A1A25E4B0540056A2A1 /* main.m in Sources */,
				14F48D3025F8A6ED003ADD43 /* LoginVC.m in Sources */,
				1496293E25F1D9C400A47088 /* DataModel.m in Sources */,
				14F48D3425F8AEF6003ADD43 /* LoginV.m in Sources */,
			);
			runOnlyForDeploymentPostprocessing = 0;
		};
/* End PBXSourcesBuildPhase section */

/* Begin PBXVariantGroup section */
		140D1A1025E4B0520056A2A1 /* Main.storyboard */ = {
			isa = PBXVariantGroup;
			children = (
				140D1A1125E4B0520056A2A1 /* Base */,
			);
			name = Main.storyboard;
			sourceTree = "<group>";
		};
		140D1A1525E4B0540056A2A1 /* LaunchScreen.storyboard */ = {
			isa = PBXVariantGroup;
			children = (
				140D1A1625E4B0540056A2A1 /* Base */,
			);
			name = LaunchScreen.storyboard;
			sourceTree = "<group>";
		};
/* End PBXVariantGroup section */

/* Begin XCBuildConfiguration section */
		140D1A1B25E4B0540056A2A1 /* Debug */ = {
			isa = XCBuildConfiguration;
			buildSettings = {
				ALWAYS_SEARCH_USER_PATHS = NO;
				CLANG_ANALYZER_NONNULL = YES;
				CLANG_ANALYZER_NUMBER_OBJECT_CONVERSION = YES_AGGRESSIVE;
				CLANG_CXX_LANGUAGE_STANDARD = "gnu++14";
				CLANG_CXX_LIBRARY = "libc++";
				CLANG_ENABLE_MODULES = YES;
				CLANG_ENABLE_OBJC_ARC = YES;
				CLANG_ENABLE_OBJC_WEAK = YES;
				CLANG_WARN_BLOCK_CAPTURE_AUTORELEASING = YES;
				CLANG_WARN_BOOL_CONVERSION = YES;
				CLANG_WARN_COMMA = YES;
				CLANG_WARN_CONSTANT_CONVERSION = YES;
				CLANG_WARN_DEPRECATED_OBJC_IMPLEMENTATIONS = YES;
				CLANG_WARN_DIRECT_OBJC_ISA_USAGE = YES_ERROR;
				CLANG_WARN_DOCUMENTATION_COMMENTS = YES;
				CLANG_WARN_EMPTY_BODY = YES;
				CLANG_WARN_ENUM_CONVERSION = YES;
				CLANG_WARN_INFINITE_RECURSION = YES;
				CLANG_WARN_INT_CONVERSION = YES;
				CLANG_WARN_NON_LITERAL_NULL_CONVERSION = YES;
				CLANG_WARN_OBJC_IMPLICIT_RETAIN_SELF = YES;
				CLANG_WARN_OBJC_LITERAL_CONVERSION = YES;
				CLANG_WARN_OBJC_ROOT_CLASS = YES_ERROR;
				CLANG_WARN_QUOTED_INCLUDE_IN_FRAMEWORK_HEADER = YES;
				CLANG_WARN_RANGE_LOOP_ANALYSIS = YES;
				CLANG_WARN_STRICT_PROTOTYPES = YES;
				CLANG_WARN_SUSPICIOUS_MOVE = YES;
				CLANG_WARN_UNGUARDED_AVAILABILITY = YES_AGGRESSIVE;
				CLANG_WARN_UNREACHABLE_CODE = YES;
				CLANG_WARN__DUPLICATE_METHOD_MATCH = YES;
				COPY_PHASE_STRIP = NO;
				DEBUG_INFORMATION_FORMAT = dwarf;
				ENABLE_STRICT_OBJC_MSGSEND = YES;
				ENABLE_TESTABILITY = YES;
				GCC_C_LANGUAGE_STANDARD = gnu11;
				GCC_DYNAMIC_NO_PIC = NO;
				GCC_NO_COMMON_BLOCKS = YES;
				GCC_OPTIMIZATION_LEVEL = 0;
				GCC_PREPROCESSOR_DEFINITIONS = (
					"DEBUG=1",
					"$(inherited)",
				);
				GCC_WARN_64_TO_32_BIT_CONVERSION = YES;
				GCC_WARN_ABOUT_RETURN_TYPE = YES_ERROR;
				GCC_WARN_UNDECLARED_SELECTOR = YES;
				GCC_WARN_UNINITIALIZED_AUTOS = YES_AGGRESSIVE;
				GCC_WARN_UNUSED_FUNCTION = YES;
				GCC_WARN_UNUSED_VARIABLE = YES;
				IPHONEOS_DEPLOYMENT_TARGET = 14.4;
				MTL_ENABLE_DEBUG_INFO = INCLUDE_SOURCE;
				MTL_FAST_MATH = YES;
				ONLY_ACTIVE_ARCH = YES;
				SDKROOT = iphoneos;
			};
			name = Debug;
		};
		140D1A1C25E4B0540056A2A1 /* Release */ = {
			isa = XCBuildConfiguration;
			buildSettings = {
				ALWAYS_SEARCH_USER_PATHS = NO;
				CLANG_ANALYZER_NONNULL = YES;
				CLANG_ANALYZER_NUMBER_OBJECT_CONVERSION = YES_AGGRESSIVE;
				CLANG_CXX_LANGUAGE_STANDARD = "gnu++14";
				CLANG_CXX_LIBRARY = "libc++";
				CLANG_ENABLE_MODULES = YES;
				CLANG_ENABLE_OBJC_ARC = YES;
				CLANG_ENABLE_OBJC_WEAK = YES;
				CLANG_WARN_BLOCK_CAPTURE_AUTORELEASING = YES;
				CLANG_WARN_BOOL_CONVERSION = YES;
				CLANG_WARN_COMMA = YES;
				CLANG_WARN_CONSTANT_CONVERSION = YES;
				CLANG_WARN_DEPRECATED_OBJC_IMPLEMENTATIONS = YES;
				CLANG_WARN_DIRECT_OBJC_ISA_USAGE = YES_ERROR;
				CLANG_WARN_DOCUMENTATION_COMMENTS = YES;
				CLANG_WARN_EMPTY_BODY = YES;
				CLANG_WARN_ENUM_CONVERSION = YES;
				CLANG_WARN_INFINITE_RECURSION = YES;
				CLANG_WARN_INT_CONVERSION = YES;
				CLANG_WARN_NON_LITERAL_NULL_CONVERSION = YES;
				CLANG_WARN_OBJC_IMPLICIT_RETAIN_SELF = YES;
				CLANG_WARN_OBJC_LITERAL_CONVERSION = YES;
				CLANG_WARN_OBJC_ROOT_CLASS = YES_ERROR;
				CLANG_WARN_QUOTED_INCLUDE_IN_FRAMEWORK_HEADER = YES;
				CLANG_WARN_RANGE_LOOP_ANALYSIS = YES;
				CLANG_WARN_STRICT_PROTOTYPES = YES;
				CLANG_WARN_SUSPICIOUS_MOVE = YES;
				CLANG_WARN_UNGUARDED_AVAILABILITY = YES_AGGRESSIVE;
				CLANG_WARN_UNREACHABLE_CODE = YES;
				CLANG_WARN__DUPLICATE_METHOD_MATCH = YES;
				COPY_PHASE_STRIP = NO;
				DEBUG_INFORMATION_FORMAT = "dwarf-with-dsym";
				ENABLE_NS_ASSERTIONS = NO;
				ENABLE_STRICT_OBJC_MSGSEND = YES;
				GCC_C_LANGUAGE_STANDARD = gnu11;
				GCC_NO_COMMON_BLOCKS = YES;
				GCC_WARN_64_TO_32_BIT_CONVERSION = YES;
				GCC_WARN_ABOUT_RETURN_TYPE = YES_ERROR;
				GCC_WARN_UNDECLARED_SELECTOR = YES;
				GCC_WARN_UNINITIALIZED_AUTOS = YES_AGGRESSIVE;
				GCC_WARN_UNUSED_FUNCTION = YES;
				GCC_WARN_UNUSED_VARIABLE = YES;
				IPHONEOS_DEPLOYMENT_TARGET = 14.4;
				MTL_ENABLE_DEBUG_INFO = NO;
				MTL_FAST_MATH = YES;
				SDKROOT = iphoneos;
				VALIDATE_PRODUCT = YES;
			};
			name = Release;
		};
		140D1A1E25E4B0540056A2A1 /* Debug */ = {
			isa = XCBuildConfiguration;
			baseConfigurationReference = C434ED371DCDE2B40E360945 /* Pods-test.debug.xcconfig */;
			buildSettings = {
				ASSETCATALOG_COMPILER_APPICON_NAME = AppIcon;
				ASSETCATALOG_COMPILER_GLOBAL_ACCENT_COLOR_NAME = AccentColor;
				CODE_SIGN_STYLE = Automatic;
				DEVELOPMENT_ASSET_PATHS = MADCore/debug/MADCore.framework;
				FRAMEWORK_SEARCH_PATHS = (
					"$(inherited)",
					"$(PROJECT_DIR)/MADCore/debug",
				);
				GCC_PRECOMPILE_PREFIX_HEADER = YES;
				GCC_PREFIX_HEADER = "$(SRCROOT)/test/Marco/PrefixHeader.pch";
				INFOPLIST_FILE = test/Info.plist;
				LD_RUNPATH_SEARCH_PATHS = (
					"$(inherited)",
					"@executable_path/Frameworks",
				);
				PRODUCT_BUNDLE_IDENTIFIER = oyj.test;
				PRODUCT_NAME = "$(TARGET_NAME)";
				TARGETED_DEVICE_FAMILY = 1;
				USER_HEADER_SEARCH_PATHS = "$(PROJECT_DIR)/MADCore/debug";
			};
			name = Debug;
		};
		140D1A1F25E4B0540056A2A1 /* Release */ = {
			isa = XCBuildConfiguration;
			baseConfigurationReference = D0784C214037BD7D5C7E925C /* Pods-test.release.xcconfig */;
			buildSettings = {
				ASSETCATALOG_COMPILER_APPICON_NAME = AppIcon;
				ASSETCATALOG_COMPILER_GLOBAL_ACCENT_COLOR_NAME = AccentColor;
				CODE_SIGN_STYLE = Automatic;
				DEVELOPMENT_ASSET_PATHS = MADCore/debug/MADCore.framework;
				FRAMEWORK_SEARCH_PATHS = (
					"$(inherited)",
					"$(PROJECT_DIR)/MADCore/debug",
				);
				GCC_PRECOMPILE_PREFIX_HEADER = YES;
				GCC_PREFIX_HEADER = "$(SRCROOT)/test/Marco/PrefixHeader.pch";
				INFOPLIST_FILE = test/Info.plist;
				LD_RUNPATH_SEARCH_PATHS = (
					"$(inherited)",
					"@executable_path/Frameworks",
				);
				PRODUCT_BUNDLE_IDENTIFIER = oyj.test;
				PRODUCT_NAME = "$(TARGET_NAME)";
				TARGETED_DEVICE_FAMILY = 1;
				USER_HEADER_SEARCH_PATHS = "$(PROJECT_DIR)/MADCore/debug";
			};
			name = Release;
		};
/* End XCBuildConfiguration section */

/* Begin XCConfigurationList section */
		140D19FF25E4B0520056A2A1 /* Build configuration list for PBXProject "test" */ = {
			isa = XCConfigurationList;
			buildConfigurations = (
				140D1A1B25E4B0540056A2A1 /* Debug */,
				140D1A1C25E4B0540056A2A1 /* Release */,
			);
			defaultConfigurationIsVisible = 0;
			defaultConfigurationName = Release;
		};
		140D1A1D25E4B0540056A2A1 /* Build configuration list for PBXNativeTarget "test" */ = {
			isa = XCConfigurationList;
			buildConfigurations = (
				140D1A1E25E4B0540056A2A1 /* Debug */,
				140D1A1F25E4B0540056A2A1 /* Release */,
			);
			defaultConfigurationIsVisible = 0;
			defaultConfigurationName = Release;
		};
/* End XCConfigurationList section */
	};
	rootObject = 140D19FC25E4B0520056A2A1 /* Project object */;
}
